// !$*UTF8*$!
{
	archiveVersion = 1;
	classes = {
	};
	objectVersion = 46;
	objects = {

/* Begin PBXBuildFile section */
		A1708B421E897F0300BDD951 /* AppDelegate.swift in Sources */ = {isa = PBXBuildFile; fileRef = A1708B411E897F0300BDD951 /* AppDelegate.swift */; };
		A1708B471E897F0300BDD951 /* Main.storyboard in Resources */ = {isa = PBXBuildFile; fileRef = A1708B451E897F0300BDD951 /* Main.storyboard */; };
		A1708B491E897F0300BDD951 /* Assets.xcassets in Resources */ = {isa = PBXBuildFile; fileRef = A1708B481E897F0300BDD951 /* Assets.xcassets */; };
		A1708B4C1E897F0300BDD951 /* LaunchScreen.storyboard in Resources */ = {isa = PBXBuildFile; fileRef = A1708B4A1E897F0300BDD951 /* LaunchScreen.storyboard */; };
		A1708B561E89801200BDD951 /* CloudKit.framework in Frameworks */ = {isa = PBXBuildFile; fileRef = A1708B551E89801200BDD951 /* CloudKit.framework */; };
		A1708B5C1E8984F000BDD951 /* CloudKit.swift in Sources */ = {isa = PBXBuildFile; fileRef = A1708B5B1E8984F000BDD951 /* CloudKit.swift */; };
		A1708B5E1E898D4E00BDD951 /* HomeViewController.swift in Sources */ = {isa = PBXBuildFile; fileRef = A1708B5D1E898D4E00BDD951 /* HomeViewController.swift */; };
		A1708B601E8AD0E500BDD951 /* Post.swift in Sources */ = {isa = PBXBuildFile; fileRef = A1708B5F1E8AD0E500BDD951 /* Post.swift */; };
		A1708B621E8AD36F00BDD951 /* UIExtensions.swift in Sources */ = {isa = PBXBuildFile; fileRef = A1708B611E8AD36F00BDD951 /* UIExtensions.swift */; };
		A1708B641E8AE71C00BDD951 /* Filters.swift in Sources */ = {isa = PBXBuildFile; fileRef = A1708B631E8AE71C00BDD951 /* Filters.swift */; };
		A1CC67EA1E8C2372004C8431 /* GalleryViewController.swift in Sources */ = {isa = PBXBuildFile; fileRef = A1CC67E91E8C2372004C8431 /* GalleryViewController.swift */; };
		A1CC67EC1E8C277F004C8431 /* GalleryCell.swift in Sources */ = {isa = PBXBuildFile; fileRef = A1CC67EB1E8C277F004C8431 /* GalleryCell.swift */; };
		A1CC67EE1E8C37B8004C8431 /* GalleryCollectionViewLayout.swift in Sources */ = {isa = PBXBuildFile; fileRef = A1CC67ED1E8C37B8004C8431 /* GalleryCollectionViewLayout.swift */; };
		A1FD6C251E8D758B00F94376 /* FilterCell.swift in Sources */ = {isa = PBXBuildFile; fileRef = A1FD6C241E8D758B00F94376 /* FilterCell.swift */; };
/* End PBXBuildFile section */

/* Begin PBXFileReference section */
		A1708B3E1E897F0300BDD951 /* DPPicFeed.app */ = {isa = PBXFileReference; explicitFileType = wrapper.application; includeInIndex = 0; path = DPPicFeed.app; sourceTree = BUILT_PRODUCTS_DIR; };
		A1708B411E897F0300BDD951 /* AppDelegate.swift */ = {isa = PBXFileReference; lastKnownFileType = sourcecode.swift; path = AppDelegate.swift; sourceTree = "<group>"; };
		A1708B461E897F0300BDD951 /* Base */ = {isa = PBXFileReference; lastKnownFileType = file.storyboard; name = Base; path = Base.lproj/Main.storyboard; sourceTree = "<group>"; };
		A1708B481E897F0300BDD951 /* Assets.xcassets */ = {isa = PBXFileReference; lastKnownFileType = folder.assetcatalog; path = Assets.xcassets; sourceTree = "<group>"; };
		A1708B4B1E897F0300BDD951 /* Base */ = {isa = PBXFileReference; lastKnownFileType = file.storyboard; name = Base; path = Base.lproj/LaunchScreen.storyboard; sourceTree = "<group>"; };
		A1708B4D1E897F0300BDD951 /* Info.plist */ = {isa = PBXFileReference; lastKnownFileType = text.plist.xml; path = Info.plist; sourceTree = "<group>"; };
		A1708B531E897F7F00BDD951 /* DPPicFeed.entitlements */ = {isa = PBXFileReference; lastKnownFileType = text.plist.entitlements; path = DPPicFeed.entitlements; sourceTree = "<group>"; };
		A1708B551E89801200BDD951 /* CloudKit.framework */ = {isa = PBXFileReference; lastKnownFileType = wrapper.framework; name = CloudKit.framework; path = System/Library/Frameworks/CloudKit.framework; sourceTree = SDKROOT; };
		A1708B5B1E8984F000BDD951 /* CloudKit.swift */ = {isa = PBXFileReference; fileEncoding = 4; lastKnownFileType = sourcecode.swift; path = CloudKit.swift; sourceTree = "<group>"; };
		A1708B5D1E898D4E00BDD951 /* HomeViewController.swift */ = {isa = PBXFileReference; fileEncoding = 4; lastKnownFileType = sourcecode.swift; path = HomeViewController.swift; sourceTree = "<group>"; };
		A1708B5F1E8AD0E500BDD951 /* Post.swift */ = {isa = PBXFileReference; fileEncoding = 4; lastKnownFileType = sourcecode.swift; path = Post.swift; sourceTree = "<group>"; };
		A1708B611E8AD36F00BDD951 /* UIExtensions.swift */ = {isa = PBXFileReference; fileEncoding = 4; lastKnownFileType = sourcecode.swift; path = UIExtensions.swift; sourceTree = "<group>"; };
		A1708B631E8AE71C00BDD951 /* Filters.swift */ = {isa = PBXFileReference; fileEncoding = 4; lastKnownFileType = sourcecode.swift; path = Filters.swift; sourceTree = "<group>"; };
		A1CC67E91E8C2372004C8431 /* GalleryViewController.swift */ = {isa = PBXFileReference; fileEncoding = 4; lastKnownFileType = sourcecode.swift; path = GalleryViewController.swift; sourceTree = "<group>"; };
		A1CC67EB1E8C277F004C8431 /* GalleryCell.swift */ = {isa = PBXFileReference; fileEncoding = 4; lastKnownFileType = sourcecode.swift; path = GalleryCell.swift; sourceTree = "<group>"; };
		A1CC67ED1E8C37B8004C8431 /* GalleryCollectionViewLayout.swift */ = {isa = PBXFileReference; fileEncoding = 4; lastKnownFileType = sourcecode.swift; path = GalleryCollectionViewLayout.swift; sourceTree = "<group>"; };
		A1FD6C241E8D758B00F94376 /* FilterCell.swift */ = {isa = PBXFileReference; fileEncoding = 4; lastKnownFileType = sourcecode.swift; path = FilterCell.swift; sourceTree = "<group>"; };
/* End PBXFileReference section */

/* Begin PBXFrameworksBuildPhase section */
		A1708B3B1E897F0300BDD951 /* Frameworks */ = {
			isa = PBXFrameworksBuildPhase;
			buildActionMask = 2147483647;
			files = (
				A1708B561E89801200BDD951 /* CloudKit.framework in Frameworks */,
			);
			runOnlyForDeploymentPostprocessing = 0;
		};
/* End PBXFrameworksBuildPhase section */

/* Begin PBXGroup section */
		A1708B351E897F0300BDD951 = {
			isa = PBXGroup;
			children = (
				A1708B401E897F0300BDD951 /* DPPicFeed */,
				A1708B3F1E897F0300BDD951 /* Products */,
				A1708B541E89801200BDD951 /* Frameworks */,
			);
			sourceTree = "<group>";
		};
		A1708B3F1E897F0300BDD951 /* Products */ = {
			isa = PBXGroup;
			children = (
				A1708B3E1E897F0300BDD951 /* DPPicFeed.app */,
			);
			name = Products;
			sourceTree = "<group>";
		};
		A1708B401E897F0300BDD951 /* DPPicFeed */ = {
			isa = PBXGroup;
			children = (
				A1708B5A1E89825700BDD951 /* Model */,
				A1708B591E89824B00BDD951 /* Views */,
				A1708B581E89823B00BDD951 /* Controllers */,
				A1708B571E89820400BDD951 /* Supporting */,
			);
			path = DPPicFeed;
			sourceTree = "<group>";
		};
		A1708B541E89801200BDD951 /* Frameworks */ = {
			isa = PBXGroup;
			children = (
				A1708B551E89801200BDD951 /* CloudKit.framework */,
			);
			name = Frameworks;
			sourceTree = "<group>";
		};
		A1708B571E89820400BDD951 /* Supporting */ = {
			isa = PBXGroup;
			children = (
				A1708B531E897F7F00BDD951 /* DPPicFeed.entitlements */,
				A1708B481E897F0300BDD951 /* Assets.xcassets */,
				A1708B4D1E897F0300BDD951 /* Info.plist */,
			);
			name = Supporting;
			sourceTree = "<group>";
		};
		A1708B581E89823B00BDD951 /* Controllers */ = {
			isa = PBXGroup;
			children = (
				A1CC67ED1E8C37B8004C8431 /* GalleryCollectionViewLayout.swift */,
				A1CC67E91E8C2372004C8431 /* GalleryViewController.swift */,
				A1708B411E897F0300BDD951 /* AppDelegate.swift */,
				A1708B5B1E8984F000BDD951 /* CloudKit.swift */,
				A1708B5D1E898D4E00BDD951 /* HomeViewController.swift */,
			);
			name = Controllers;
			sourceTree = "<group>";
		};
		A1708B591E89824B00BDD951 /* Views */ = {
			isa = PBXGroup;
			children = (
				A1CC67EB1E8C277F004C8431 /* GalleryCell.swift */,
				A1708B451E897F0300BDD951 /* Main.storyboard */,
				A1FD6C241E8D758B00F94376 /* FilterCell.swift */,
				A1708B4A1E897F0300BDD951 /* LaunchScreen.storyboard */,
			);
			name = Views;
			sourceTree = "<group>";
		};
		A1708B5A1E89825700BDD951 /* Model */ = {
			isa = PBXGroup;
			children = (
				A1708B631E8AE71C00BDD951 /* Filters.swift */,
				A1708B5F1E8AD0E500BDD951 /* Post.swift */,
				A1708B611E8AD36F00BDD951 /* UIExtensions.swift */,
			);
			name = Model;
			sourceTree = "<group>";
		};
/* End PBXGroup section */

/* Begin PBXNativeTarget section */
		A1708B3D1E897F0300BDD951 /* DPPicFeed */ = {
			isa = PBXNativeTarget;
			buildConfigurationList = A1708B501E897F0300BDD951 /* Build configuration list for PBXNativeTarget "DPPicFeed" */;
			buildPhases = (
				A1708B3A1E897F0300BDD951 /* Sources */,
				A1708B3B1E897F0300BDD951 /* Frameworks */,
				A1708B3C1E897F0300BDD951 /* Resources */,
			);
			buildRules = (
			);
			dependencies = (
			);
			name = DPPicFeed;
			productName = DPPicFeed;
			productReference = A1708B3E1E897F0300BDD951 /* DPPicFeed.app */;
			productType = "com.apple.product-type.application";
		};
/* End PBXNativeTarget section */

/* Begin PBXProject section */
		A1708B361E897F0300BDD951 /* Project object */ = {
			isa = PBXProject;
			attributes = {
				LastSwiftUpdateCheck = 0820;
				LastUpgradeCheck = 0820;
				ORGANIZATIONNAME = "David Porter";
				TargetAttributes = {
					A1708B3D1E897F0300BDD951 = {
						CreatedOnToolsVersion = 8.2.1;
						DevelopmentTeam = AB9NKXMTZH;
						ProvisioningStyle = Automatic;
						SystemCapabilities = {
							com.apple.Push = {
								enabled = 1;
							};
							com.apple.iCloud = {
								enabled = 1;
							};
						};
					};
				};
			};
			buildConfigurationList = A1708B391E897F0300BDD951 /* Build configuration list for PBXProject "DPPicFeed" */;
			compatibilityVersion = "Xcode 3.2";
			developmentRegion = English;
			hasScannedForEncodings = 0;
			knownRegions = (
				en,
				Base,
			);
			mainGroup = A1708B351E897F0300BDD951;
			productRefGroup = A1708B3F1E897F0300BDD951 /* Products */;
			projectDirPath = "";
			projectRoot = "";
			targets = (
				A1708B3D1E897F0300BDD951 /* DPPicFeed */,
			);
		};
/* End PBXProject section */

/* Begin PBXResourcesBuildPhase section */
		A1708B3C1E897F0300BDD951 /* Resources */ = {
			isa = PBXResourcesBuildPhase;
			buildActionMask = 2147483647;
			files = (
				A1708B4C1E897F0300BDD951 /* LaunchScreen.storyboard in Resources */,
				A1708B491E897F0300BDD951 /* Assets.xcassets in Resources */,
				A1708B471E897F0300BDD951 /* Main.storyboard in Resources */,
			);
			runOnlyForDeploymentPostprocessing = 0;
		};
/* End PBXResourcesBuildPhase section */

/* Begin PBXSourcesBuildPhase section */
		A1708B3A1E897F0300BDD951 /* Sources */ = {
			isa = PBXSourcesBuildPhase;
			buildActionMask = 2147483647;
			files = (
				A1FD6C251E8D758B00F94376 /* FilterCell.swift in Sources */,
				A1708B5C1E8984F000BDD951 /* CloudKit.swift in Sources */,
				A1CC67EA1E8C2372004C8431 /* GalleryViewController.swift in Sources */,
				A1708B421E897F0300BDD951 /* AppDelegate.swift in Sources */,
				A1CC67EE1E8C37B8004C8431 /* GalleryCollectionViewLayout.swift in Sources */,
				A1708B5E1E898D4E00BDD951 /* HomeViewController.swift in Sources */,
				A1CC67EC1E8C277F004C8431 /* GalleryCell.swift in Sources */,
				A1708B641E8AE71C00BDD951 /* Filters.swift in Sources */,
				A1708B621E8AD36F00BDD951 /* UIExtensions.swift in Sources */,
				A1708B601E8AD0E500BDD951 /* Post.swift in Sources */,
			);
			runOnlyForDeploymentPostprocessing = 0;
		};
/* End PBXSourcesBuildPhase section */

/* Begin PBXVariantGroup section */
		A1708B451E897F0300BDD951 /* Main.storyboard */ = {
			isa = PBXVariantGroup;
			children = (
				A1708B461E897F0300BDD951 /* Base */,
			);
			name = Main.storyboard;
			sourceTree = "<group>";
		};
		A1708B4A1E897F0300BDD951 /* LaunchScreen.storyboard */ = {
			isa = PBXVariantGroup;
			children = (
				A1708B4B1E897F0300BDD951 /* Base */,
			);
			name = LaunchScreen.storyboard;
			sourceTree = "<group>";
		};
/* End PBXVariantGroup section */

/* Begin XCBuildConfiguration section */
		A1708B4E1E897F0300BDD951 /* Debug */ = {
			isa = XCBuildConfiguration;
			buildSettings = {
				ALWAYS_SEARCH_USER_PATHS = NO;
				CLANG_ANALYZER_NONNULL = YES;
				CLANG_CXX_LANGUAGE_STANDARD = "gnu++0x";
				CLANG_CXX_LIBRARY = "libc++";
				CLANG_ENABLE_MODULES = YES;
				CLANG_ENABLE_OBJC_ARC = YES;
				CLANG_WARN_BOOL_CONVERSION = YES;
				CLANG_WARN_CONSTANT_CONVERSION = YES;
				CLANG_WARN_DIRECT_OBJC_ISA_USAGE = YES_ERROR;
				CLANG_WARN_DOCUMENTATION_COMMENTS = YES;
				CLANG_WARN_EMPTY_BODY = YES;
				CLANG_WARN_ENUM_CONVERSION = YES;
				CLANG_WARN_INFINITE_RECURSION = YES;
				CLANG_WARN_INT_CONVERSION = YES;
				CLANG_WARN_OBJC_ROOT_CLASS = YES_ERROR;
				CLANG_WARN_SUSPICIOUS_MOVE = YES;
				CLANG_WARN_UNREACHABLE_CODE = YES;
				CLANG_WARN__DUPLICATE_METHOD_MATCH = YES;
				"CODE_SIGN_IDENTITY[sdk=iphoneos*]" = "iPhone Developer";
				COPY_PHASE_STRIP = NO;
				DEBUG_INFORMATION_FORMAT = dwarf;
				ENABLE_STRICT_OBJC_MSGSEND = YES;
				ENABLE_TESTABILITY = YES;
				GCC_C_LANGUAGE_STANDARD = gnu99;
				GCC_DYNAMIC_NO_PIC = NO;
				GCC_NO_COMMON_BLOCKS = YES;
				GCC_OPTIMIZATION_LEVEL = 0;
				GCC_PREPROCESSOR_DEFINITIONS = (
					"DEBUG=1",
					"$(inherited)",
				);
				GCC_WARN_64_TO_32_BIT_CONVERSION = YES;
				GCC_WARN_ABOUT_RETURN_TYPE = YES_ERROR;
				GCC_WARN_UNDECLARED_SELECTOR = YES;
				GCC_WARN_UNINITIALIZED_AUTOS = YES_AGGRESSIVE;
				GCC_WARN_UNUSED_FUNCTION = YES;
				GCC_WARN_UNUSED_VARIABLE = YES;
				IPHONEOS_DEPLOYMENT_TARGET = 10.2;
				MTL_ENABLE_DEBUG_INFO = YES;
				ONLY_ACTIVE_ARCH = YES;
				SDKROOT = iphoneos;
				SWIFT_ACTIVE_COMPILATION_CONDITIONS = DEBUG;
				SWIFT_OPTIMIZATION_LEVEL = "-Onone";
				TARGETED_DEVICE_FAMILY = "1,2";
			};
			name = Debug;
		};
		A1708B4F1E897F0300BDD951 /* Release */ = {
			isa = XCBuildConfiguration;
			buildSettings = {
				ALWAYS_SEARCH_USER_PATHS = NO;
				CLANG_ANALYZER_NONNULL = YES;
				CLANG_CXX_LANGUAGE_STANDARD = "gnu++0x";
				CLANG_CXX_LIBRARY = "libc++";
				CLANG_ENABLE_MODULES = YES;
				CLANG_ENABLE_OBJC_ARC = YES;
				CLANG_WARN_BOOL_CONVERSION = YES;
				CLANG_WARN_CONSTANT_CONVERSION = YES;
				CLANG_WARN_DIRECT_OBJC_ISA_USAGE = YES_ERROR;
				CLANG_WARN_DOCUMENTATION_COMMENTS = YES;
				CLANG_WARN_EMPTY_BODY = YES;
				CLANG_WARN_ENUM_CONVERSION = YES;
				CLANG_WARN_INFINITE_RECURSION = YES;
				CLANG_WARN_INT_CONVERSION = YES;
				CLANG_WARN_OBJC_ROOT_CLASS = YES_ERROR;
				CLANG_WARN_SUSPICIOUS_MOVE = YES;
				CLANG_WARN_UNREACHABLE_CODE = YES;
				CLANG_WARN__DUPLICATE_METHOD_MATCH = YES;
				"CODE_SIGN_IDENTITY[sdk=iphoneos*]" = "iPhone Developer";
				COPY_PHASE_STRIP = NO;
				DEBUG_INFORMATION_FORMAT = "dwarf-with-dsym";
				ENABLE_NS_ASSERTIONS = NO;
				ENABLE_STRICT_OBJC_MSGSEND = YES;
				GCC_C_LANGUAGE_STANDARD = gnu99;
				GCC_NO_COMMON_BLOCKS = YES;
				GCC_WARN_64_TO_32_BIT_CONVERSION = YES;
				GCC_WARN_ABOUT_RETURN_TYPE = YES_ERROR;
				GCC_WARN_UNDECLARED_SELECTOR = YES;
				GCC_WARN_UNINITIALIZED_AUTOS = YES_AGGRESSIVE;
				GCC_WARN_UNUSED_FUNCTION = YES;
				GCC_WARN_UNUSED_VARIABLE = YES;
				IPHONEOS_DEPLOYMENT_TARGET = 10.2;
				MTL_ENABLE_DEBUG_INFO = NO;
				SDKROOT = iphoneos;
				SWIFT_OPTIMIZATION_LEVEL = "-Owholemodule";
				TARGETED_DEVICE_FAMILY = "1,2";
				VALIDATE_PRODUCT = YES;
			};
			name = Release;
		};
		A1708B511E897F0300BDD951 /* Debug */ = {
			isa = XCBuildConfiguration;
			buildSettings = {
				ASSETCATALOG_COMPILER_APPICON_NAME = AppIcon;
				CODE_SIGN_ENTITLEMENTS = DPPicFeed/DPPicFeed.entitlements;
				DEVELOPMENT_TEAM = AB9NKXMTZH;
				INFOPLIST_FILE = DPPicFeed/Info.plist;
				LD_RUNPATH_SEARCH_PATHS = "$(inherited) @executable_path/Frameworks";
				PRODUCT_BUNDLE_IDENTIFIER = com.davidporter.DPPicFeed;
				PRODUCT_NAME = "$(TARGET_NAME)";
				SWIFT_VERSION = 3.0;
			};
			name = Debug;
		};
		A1708B521E897F0300BDD951 /* Release */ = {
			isa = XCBuildConfiguration;
			buildSettings = {
				ASSETCATALOG_COMPILER_APPICON_NAME = AppIcon;
				CODE_SIGN_ENTITLEMENTS = DPPicFeed/DPPicFeed.entitlements;
				DEVELOPMENT_TEAM = AB9NKXMTZH;
				INFOPLIST_FILE = DPPicFeed/Info.plist;
				LD_RUNPATH_SEARCH_PATHS = "$(inherited) @executable_path/Frameworks";
				PRODUCT_BUNDLE_IDENTIFIER = com.davidporter.DPPicFeed;
				PRODUCT_NAME = "$(TARGET_NAME)";
				SWIFT_VERSION = 3.0;
			};
			name = Release;
		};
/* End XCBuildConfiguration section */

/* Begin XCConfigurationList section */
		A1708B391E897F0300BDD951 /* Build configuration list for PBXProject "DPPicFeed" */ = {
			isa = XCConfigurationList;
			buildConfigurations = (
				A1708B4E1E897F0300BDD951 /* Debug */,
				A1708B4F1E897F0300BDD951 /* Release */,
			);
			defaultConfigurationIsVisible = 0;
			defaultConfigurationName = Release;
		};
		A1708B501E897F0300BDD951 /* Build configuration list for PBXNativeTarget "DPPicFeed" */ = {
			isa = XCConfigurationList;
			buildConfigurations = (
				A1708B511E897F0300BDD951 /* Debug */,
				A1708B521E897F0300BDD951 /* Release */,
			);
			defaultConfigurationIsVisible = 0;
			defaultConfigurationName = Release;
		};
/* End XCConfigurationList section */
	};
	rootObject = A1708B361E897F0300BDD951 /* Project object */;
}
